// !$*UTF8*$!
{
	archiveVersion = 1;
	classes = {
	};
	objectVersion = 46;
	objects = {

/* Begin PBXBuildFile section */
		000C58F91852370E00DDF848 /* Reachability.m in Sources */ = {isa = PBXBuildFile; fileRef = 000C58F81852370E00DDF848 /* Reachability.m */; };
		000C58FB185237F600DDF848 /* SystemConfiguration.framework in Frameworks */ = {isa = PBXBuildFile; fileRef = 000C58FA185237F600DDF848 /* SystemConfiguration.framework */; };
		0010388417E64ABA007365BA /* ImpressumVC.m in Sources */ = {isa = PBXBuildFile; fileRef = 0010388317E64ABA007365BA /* ImpressumVC.m */; };
		002A2CCB17F46A8F009F72E1 /* agb.plist in Resources */ = {isa = PBXBuildFile; fileRef = 002A2CC917F46A8F009F72E1 /* agb.plist */; };
		003A229617CDD0FF00D898E0 /* AGBViewController.m in Sources */ = {isa = PBXBuildFile; fileRef = 003A229517CDD0FF00D898E0 /* AGBViewController.m */; };
		003A229917CE274700D898E0 /* agbDetailVC.m in Sources */ = {isa = PBXBuildFile; fileRef = 003A229817CE274700D898E0 /* agbDetailVC.m */; };
		0047C58A18338D0A00C56163 /* Localizable.strings in Resources */ = {isa = PBXBuildFile; fileRef = 0047C58818338D0A00C56163 /* Localizable.strings */; };
		005BC37719EF197100CBC397 /* iPhone.storyboard in Resources */ = {isa = PBXBuildFile; fileRef = 005BC37519EF197100CBC397 /* iPhone.storyboard */; };
		005C59E218F40B90009FA6C6 /* iAd.framework in Frameworks */ = {isa = PBXBuildFile; fileRef = 003E4A62189E10F40038EFDC /* iAd.framework */; };
		0068AD7917F471B8003E59A2 /* XCTest.framework in Frameworks */ = {isa = PBXBuildFile; fileRef = 0068AD7817F471B8003E59A2 /* XCTest.framework */; };
		0068AD7A17F471B8003E59A2 /* Foundation.framework in Frameworks */ = {isa = PBXBuildFile; fileRef = 00D324EA17B8E22C008F530D /* Foundation.framework */; };
		0068AD7B17F471B8003E59A2 /* UIKit.framework in Frameworks */ = {isa = PBXBuildFile; fileRef = 00D324E817B8E22C008F530D /* UIKit.framework */; };
		0068AD8117F471B8003E59A2 /* InfoPlist.strings in Resources */ = {isa = PBXBuildFile; fileRef = 0068AD7F17F471B8003E59A2 /* InfoPlist.strings */; };
		0068AD8317F471B8003E59A2 /* YMCA_Basel_Tests.m in Sources */ = {isa = PBXBuildFile; fileRef = 0068AD8217F471B8003E59A2 /* YMCA_Basel_Tests.m */; };
		00733A9A17F025F9004D18A6 /* Settings.bundle in Resources */ = {isa = PBXBuildFile; fileRef = 00733A9917F025F9004D18A6 /* Settings.bundle */; };
		007AEECD17F44FA7008DC436 /* update_storyboard_strings.sh in Resources */ = {isa = PBXBuildFile; fileRef = 007AEECC17F44FA7008DC436 /* update_storyboard_strings.sh */; };
		00869AA2182E68BF00BC3ACC /* DetailMapVC.m in Sources */ = {isa = PBXBuildFile; fileRef = 00869AA1182E68BF00BC3ACC /* DetailMapVC.m */; };
		00869AA6182E68FA00BC3ACC /* ReservationViewController.m in Sources */ = {isa = PBXBuildFile; fileRef = 00869AA5182E68FA00BC3ACC /* ReservationViewController.m */; };
		008A12A017CCCA0800D774DA /* Images.xcassets in Resources */ = {isa = PBXBuildFile; fileRef = 008A129F17CCCA0800D774DA /* Images.xcassets */; };
		009D769F17BFD9C4000D5829 /* RoomsViewController.m in Sources */ = {isa = PBXBuildFile; fileRef = 009D769E17BFD9C4000D5829 /* RoomsViewController.m */; };
		009D7ECD17C6B78400386689 /* room.plist in Resources */ = {isa = PBXBuildFile; fileRef = 009D7ECB17C6B78400386689 /* room.plist */; };
		00A5E55017F9C667006B2A17 /* Credits.rtf in Resources */ = {isa = PBXBuildFile; fileRef = 00A5E55217F9C667006B2A17 /* Credits.rtf */; };
		00BD35DD189CB7EB00E90D44 /* StoreKit.framework in Frameworks */ = {isa = PBXBuildFile; fileRef = 00BD35DC189CB7EB00E90D44 /* StoreKit.framework */; };
		00C55E5D17BAB1C400F268FD /* MessageUI.framework in Frameworks */ = {isa = PBXBuildFile; fileRef = 00C55E5C17BAB1C400F268FD /* MessageUI.framework */; };
		00C7D60C17C0D22400CC2F79 /* RoomsDetailVC.m in Sources */ = {isa = PBXBuildFile; fileRef = 00C7D60B17C0D22400CC2F79 /* RoomsDetailVC.m */; };
		00D134D218A0EB74006458E5 /* IAPHelper.m in Sources */ = {isa = PBXBuildFile; fileRef = 00D134D118A0EB74006458E5 /* IAPHelper.m */; };
		00D134D518A0EC59006458E5 /* YMCAIAPHelper.m in Sources */ = {isa = PBXBuildFile; fileRef = 00D134D418A0EC59006458E5 /* YMCAIAPHelper.m */; };
		00D324E917B8E22C008F530D /* UIKit.framework in Frameworks */ = {isa = PBXBuildFile; fileRef = 00D324E817B8E22C008F530D /* UIKit.framework */; };
		00D324EB17B8E22C008F530D /* Foundation.framework in Frameworks */ = {isa = PBXBuildFile; fileRef = 00D324EA17B8E22C008F530D /* Foundation.framework */; };
		00D324ED17B8E22C008F530D /* CoreGraphics.framework in Frameworks */ = {isa = PBXBuildFile; fileRef = 00D324EC17B8E22C008F530D /* CoreGraphics.framework */; settings = {ATTRIBUTES = (Required, ); }; };
		00D324F517B8E22C008F530D /* main.m in Sources */ = {isa = PBXBuildFile; fileRef = 00D324F417B8E22C008F530D /* main.m */; };
		00D324F917B8E22C008F530D /* AppDelegate.m in Sources */ = {isa = PBXBuildFile; fileRef = 00D324F817B8E22C008F530D /* AppDelegate.m */; };
		00D3250D17B8E3B5008F530D /* ContactViewController.m in Sources */ = {isa = PBXBuildFile; fileRef = 00D3250C17B8E3B5008F530D /* ContactViewController.m */; };
		00EE550B17BFCD0E00D8C6A0 /* MapViewAnnotation.m in Sources */ = {isa = PBXBuildFile; fileRef = 00EE550A17BFCD0E00D8C6A0 /* MapViewAnnotation.m */; };
		00EE550D17BFCF9000D8C6A0 /* CoreLocation.framework in Frameworks */ = {isa = PBXBuildFile; fileRef = 00EE550C17BFCF9000D8C6A0 /* CoreLocation.framework */; };
		00EE550F17BFCFA300D8C6A0 /* MapKit.framework in Frameworks */ = {isa = PBXBuildFile; fileRef = 00EE550E17BFCFA300D8C6A0 /* MapKit.framework */; };
		00EE551117BFCFB200D8C6A0 /* QuartzCore.framework in Frameworks */ = {isa = PBXBuildFile; fileRef = 00EE551017BFCFB200D8C6A0 /* QuartzCore.framework */; };
/* End PBXBuildFile section */

/* Begin PBXContainerItemProxy section */
		0068AD8517F471B8003E59A2 /* PBXContainerItemProxy */ = {
			isa = PBXContainerItemProxy;
			containerPortal = 00D324DD17B8E22C008F530D /* Project object */;
			proxyType = 1;
			remoteGlobalIDString = 00D324E417B8E22C008F530D;
			remoteInfo = "YMCA Basel";
		};
/* End PBXContainerItemProxy section */

/* Begin PBXFileReference section */
		000C58F71852370E00DDF848 /* Reachability.h */ = {isa = PBXFileReference; fileEncoding = 4; lastKnownFileType = sourcecode.c.h; path = Reachability.h; sourceTree = "<group>"; };
		000C58F81852370E00DDF848 /* Reachability.m */ = {isa = PBXFileReference; fileEncoding = 4; lastKnownFileType = sourcecode.c.objc; path = Reachability.m; sourceTree = "<group>"; };
		000C58FA185237F600DDF848 /* SystemConfiguration.framework */ = {isa = PBXFileReference; lastKnownFileType = wrapper.framework; name = SystemConfiguration.framework; path = System/Library/Frameworks/SystemConfiguration.framework; sourceTree = SDKROOT; };
		0010388217E64ABA007365BA /* ImpressumVC.h */ = {isa = PBXFileReference; fileEncoding = 4; lastKnownFileType = sourcecode.c.h; path = ImpressumVC.h; sourceTree = "<group>"; };
		0010388317E64ABA007365BA /* ImpressumVC.m */ = {isa = PBXFileReference; fileEncoding = 4; lastKnownFileType = sourcecode.c.objc; path = ImpressumVC.m; sourceTree = "<group>"; };
		002A2CCA17F46A8F009F72E1 /* Base */ = {isa = PBXFileReference; lastKnownFileType = text.plist.xml; name = Base; path = Base.lproj/agb.plist; sourceTree = "<group>"; };
		003A229417CDD0FF00D898E0 /* AGBViewController.h */ = {isa = PBXFileReference; fileEncoding = 4; lastKnownFileType = sourcecode.c.h; path = AGBViewController.h; sourceTree = "<group>"; };
		003A229517CDD0FF00D898E0 /* AGBViewController.m */ = {isa = PBXFileReference; fileEncoding = 4; lastKnownFileType = sourcecode.c.objc; path = AGBViewController.m; sourceTree = "<group>"; };
		003A229717CE274700D898E0 /* agbDetailVC.h */ = {isa = PBXFileReference; fileEncoding = 4; lastKnownFileType = sourcecode.c.h; path = agbDetailVC.h; sourceTree = "<group>"; };
		003A229817CE274700D898E0 /* agbDetailVC.m */ = {isa = PBXFileReference; fileEncoding = 4; lastKnownFileType = sourcecode.c.objc; path = agbDetailVC.m; sourceTree = "<group>"; };
		003E4A62189E10F40038EFDC /* iAd.framework */ = {isa = PBXFileReference; lastKnownFileType = wrapper.framework; name = iAd.framework; path = System/Library/Frameworks/iAd.framework; sourceTree = SDKROOT; };
		0047C58918338D0A00C56163 /* de */ = {isa = PBXFileReference; lastKnownFileType = text.plist.strings; name = de; path = de.lproj/Localizable.strings; sourceTree = "<group>"; };
		0047C58B18338D1300C56163 /* en */ = {isa = PBXFileReference; lastKnownFileType = text.plist.strings; name = en; path = en.lproj/Localizable.strings; sourceTree = "<group>"; };
		0047C58C18338D1800C56163 /* Base */ = {isa = PBXFileReference; lastKnownFileType = text.plist.strings; name = Base; path = Base.lproj/Localizable.strings; sourceTree = "<group>"; };
		00502C61183E1FAD0015647B /* fr */ = {isa = PBXFileReference; lastKnownFileType = text.plist.strings; name = fr; path = fr.lproj/Localizable.strings; sourceTree = "<group>"; };
		00502C62183E1FAD0015647B /* fr */ = {isa = PBXFileReference; lastKnownFileType = text.rtf; name = fr; path = fr.lproj/Credits.rtf; sourceTree = "<group>"; };
		00502C63183E1FAD0015647B /* fr */ = {isa = PBXFileReference; lastKnownFileType = text.plist.xml; name = fr; path = fr.lproj/agb.plist; sourceTree = "<group>"; };
		0051623D17FA075400FB751E /* de */ = {isa = PBXFileReference; lastKnownFileType = text.plist.xml; name = de; path = Hostel/de.lproj/room.plist; sourceTree = "<group>"; };
		0051623E17FA075B00FB751E /* en */ = {isa = PBXFileReference; lastKnownFileType = text.plist.xml; name = en; path = Hostel/en.lproj/room.plist; sourceTree = "<group>"; };
		00516DD81858C2700062EA0D /* fr */ = {isa = PBXFileReference; lastKnownFileType = file.bplist; name = fr; path = Hostel/fr.lproj/room.plist; sourceTree = "<group>"; };
		005BC37619EF197100CBC397 /* Base */ = {isa = PBXFileReference; lastKnownFileType = file.storyboard; name = Base; path = Base.lproj/iPhone.storyboard; sourceTree = "<group>"; };
		005BC37819EF1A0E00CBC397 /* en */ = {isa = PBXFileReference; lastKnownFileType = text.plist.strings; name = en; path = en.lproj/iPhone.strings; sourceTree = "<group>"; };
		005BC37919EF1A1000CBC397 /* de */ = {isa = PBXFileReference; lastKnownFileType = text.plist.strings; name = de; path = de.lproj/iPhone.strings; sourceTree = "<group>"; };
		005BC37A19EF1A1200CBC397 /* fr */ = {isa = PBXFileReference; lastKnownFileType = text.plist.strings; name = fr; path = fr.lproj/iPhone.strings; sourceTree = "<group>"; };
		005BC37C19EF1A1400CBC397 /* es */ = {isa = PBXFileReference; lastKnownFileType = text.plist.strings; name = es; path = es.lproj/iPhone.strings; sourceTree = "<group>"; };
		005BC37E19EF1A1600CBC397 /* ko */ = {isa = PBXFileReference; lastKnownFileType = text.plist.strings; name = ko; path = ko.lproj/iPhone.strings; sourceTree = "<group>"; };
		005BC37F19EF1E7F00CBC397 /* es */ = {isa = PBXFileReference; lastKnownFileType = text.plist.strings; name = es; path = es.lproj/Localizable.strings; sourceTree = "<group>"; };
		005BC38019EF1E7F00CBC397 /* ko */ = {isa = PBXFileReference; lastKnownFileType = text.plist.strings; name = ko; path = ko.lproj/Localizable.strings; sourceTree = "<group>"; };
		005C599A18F3F849009FA6C6 /* Base */ = {isa = PBXFileReference; lastKnownFileType = text.plist.strings; name = Base; path = Base.lproj/InfoPlist.strings; sourceTree = "<group>"; };
		005C599B18F3F852009FA6C6 /* de */ = {isa = PBXFileReference; lastKnownFileType = text.plist.strings; name = de; path = de.lproj/InfoPlist.strings; sourceTree = "<group>"; };
		005C599C18F3F853009FA6C6 /* fr */ = {isa = PBXFileReference; lastKnownFileType = text.plist.strings; name = fr; path = fr.lproj/InfoPlist.strings; sourceTree = "<group>"; };
		005C599D18F3F894009FA6C6 /* en */ = {isa = PBXFileReference; lastKnownFileType = text.plist.strings; name = en; path = en.lproj/InfoPlist.strings; sourceTree = "<group>"; };
		0064DB4918338AE10070907C /* de */ = {isa = PBXFileReference; lastKnownFileType = file.bplist; name = de; path = de.lproj/agb.plist; sourceTree = "<group>"; };
		0064DB4A18338AE30070907C /* en */ = {isa = PBXFileReference; lastKnownFileType = file.bplist; name = en; path = en.lproj/agb.plist; sourceTree = "<group>"; };
		0068AD7717F471B8003E59A2 /* YMCA Basel Tests.xctest */ = {isa = PBXFileReference; explicitFileType = wrapper.cfbundle; includeInIndex = 0; path = "YMCA Basel Tests.xctest"; sourceTree = BUILT_PRODUCTS_DIR; };
		0068AD7817F471B8003E59A2 /* XCTest.framework */ = {isa = PBXFileReference; lastKnownFileType = wrapper.framework; name = XCTest.framework; path = Library/Frameworks/XCTest.framework; sourceTree = DEVELOPER_DIR; };
		0068AD7E17F471B8003E59A2 /* YMCA Basel Tests-Info.plist */ = {isa = PBXFileReference; lastKnownFileType = text.plist.xml; path = "YMCA Basel Tests-Info.plist"; sourceTree = "<group>"; };
		0068AD8217F471B8003E59A2 /* YMCA_Basel_Tests.m */ = {isa = PBXFileReference; lastKnownFileType = sourcecode.c.objc; path = YMCA_Basel_Tests.m; sourceTree = "<group>"; };
		00733A9917F025F9004D18A6 /* Settings.bundle */ = {isa = PBXFileReference; lastKnownFileType = "wrapper.plug-in"; path = Settings.bundle; sourceTree = "<group>"; };
		007AEECC17F44FA7008DC436 /* update_storyboard_strings.sh */ = {isa = PBXFileReference; fileEncoding = 4; lastKnownFileType = text.script.sh; name = update_storyboard_strings.sh; path = Scripts/update_storyboard_strings.sh; sourceTree = "<group>"; };
		00869AA0182E68BF00BC3ACC /* DetailMapVC.h */ = {isa = PBXFileReference; fileEncoding = 4; lastKnownFileType = sourcecode.c.h; path = DetailMapVC.h; sourceTree = "<group>"; };
		00869AA1182E68BF00BC3ACC /* DetailMapVC.m */ = {isa = PBXFileReference; fileEncoding = 4; lastKnownFileType = sourcecode.c.objc; path = DetailMapVC.m; sourceTree = "<group>"; };
		00869AA4182E68FA00BC3ACC /* ReservationViewController.h */ = {isa = PBXFileReference; fileEncoding = 4; lastKnownFileType = sourcecode.c.h; path = ReservationViewController.h; sourceTree = "<group>"; };
		00869AA5182E68FA00BC3ACC /* ReservationViewController.m */ = {isa = PBXFileReference; fileEncoding = 4; lastKnownFileType = sourcecode.c.objc; path = ReservationViewController.m; sourceTree = "<group>"; };
		008A129F17CCCA0800D774DA /* Images.xcassets */ = {isa = PBXFileReference; lastKnownFileType = folder.assetcatalog; path = Images.xcassets; sourceTree = "<group>"; };
		009D769D17BFD9C4000D5829 /* RoomsViewController.h */ = {isa = PBXFileReference; fileEncoding = 4; lastKnownFileType = sourcecode.c.h; path = RoomsViewController.h; sourceTree = "<group>"; };
		009D769E17BFD9C4000D5829 /* RoomsViewController.m */ = {isa = PBXFileReference; fileEncoding = 4; lastKnownFileType = sourcecode.c.objc; path = RoomsViewController.m; sourceTree = "<group>"; };
		009D7ECC17C6B78400386689 /* Base */ = {isa = PBXFileReference; lastKnownFileType = text.plist.xml; name = Base; path = Hostel/Base.lproj/room.plist; sourceTree = "<group>"; };
		00A5E55117F9C667006B2A17 /* Base */ = {isa = PBXFileReference; lastKnownFileType = text.rtf; name = Base; path = Base.lproj/Credits.rtf; sourceTree = "<group>"; };
		00A5E55317F9C66A006B2A17 /* de */ = {isa = PBXFileReference; lastKnownFileType = text.rtf; name = de; path = de.lproj/Credits.rtf; sourceTree = "<group>"; };
		00A5E55417F9C66A006B2A17 /* en */ = {isa = PBXFileReference; lastKnownFileType = text.rtf; name = en; path = en.lproj/Credits.rtf; sourceTree = "<group>"; };
		00BD35DC189CB7EB00E90D44 /* StoreKit.framework */ = {isa = PBXFileReference; lastKnownFileType = wrapper.framework; name = StoreKit.framework; path = System/Library/Frameworks/StoreKit.framework; sourceTree = SDKROOT; };
		00C55E5C17BAB1C400F268FD /* MessageUI.framework */ = {isa = PBXFileReference; lastKnownFileType = wrapper.framework; name = MessageUI.framework; path = System/Library/Frameworks/MessageUI.framework; sourceTree = SDKROOT; };
		00C7D60A17C0D22400CC2F79 /* RoomsDetailVC.h */ = {isa = PBXFileReference; fileEncoding = 4; lastKnownFileType = sourcecode.c.h; path = RoomsDetailVC.h; sourceTree = "<group>"; };
		00C7D60B17C0D22400CC2F79 /* RoomsDetailVC.m */ = {isa = PBXFileReference; fileEncoding = 4; lastKnownFileType = sourcecode.c.objc; path = RoomsDetailVC.m; sourceTree = "<group>"; };
		00D134D018A0EB74006458E5 /* IAPHelper.h */ = {isa = PBXFileReference; fileEncoding = 4; lastKnownFileType = sourcecode.c.h; path = IAPHelper.h; sourceTree = "<group>"; };
		00D134D118A0EB74006458E5 /* IAPHelper.m */ = {isa = PBXFileReference; fileEncoding = 4; lastKnownFileType = sourcecode.c.objc; path = IAPHelper.m; sourceTree = "<group>"; };
		00D134D318A0EC59006458E5 /* YMCAIAPHelper.h */ = {isa = PBXFileReference; fileEncoding = 4; lastKnownFileType = sourcecode.c.h; path = YMCAIAPHelper.h; sourceTree = "<group>"; };
		00D134D418A0EC59006458E5 /* YMCAIAPHelper.m */ = {isa = PBXFileReference; fileEncoding = 4; lastKnownFileType = sourcecode.c.objc; path = YMCAIAPHelper.m; sourceTree = "<group>"; };
		00D324E517B8E22C008F530D /* YMCA Basel.app */ = {isa = PBXFileReference; explicitFileType = wrapper.application; includeInIndex = 0; path = "YMCA Basel.app"; sourceTree = BUILT_PRODUCTS_DIR; };
		00D324E817B8E22C008F530D /* UIKit.framework */ = {isa = PBXFileReference; lastKnownFileType = wrapper.framework; name = UIKit.framework; path = System/Library/Frameworks/UIKit.framework; sourceTree = SDKROOT; };
		00D324EA17B8E22C008F530D /* Foundation.framework */ = {isa = PBXFileReference; lastKnownFileType = wrapper.framework; name = Foundation.framework; path = System/Library/Frameworks/Foundation.framework; sourceTree = SDKROOT; };
		00D324EC17B8E22C008F530D /* CoreGraphics.framework */ = {isa = PBXFileReference; lastKnownFileType = wrapper.framework; name = CoreGraphics.framework; path = System/Library/Frameworks/CoreGraphics.framework; sourceTree = SDKROOT; };
		00D324F017B8E22C008F530D /* YMCA Basel-Info.plist */ = {isa = PBXFileReference; lastKnownFileType = text.plist.xml; path = "YMCA Basel-Info.plist"; sourceTree = "<group>"; };
		00D324F417B8E22C008F530D /* main.m */ = {isa = PBXFileReference; lastKnownFileType = sourcecode.c.objc; path = main.m; sourceTree = "<group>"; };
		00D324F617B8E22C008F530D /* YMCA Basel-Prefix.pch */ = {isa = PBXFileReference; lastKnownFileType = sourcecode.c.h; path = "YMCA Basel-Prefix.pch"; sourceTree = "<group>"; };
		00D324F717B8E22C008F530D /* AppDelegate.h */ = {isa = PBXFileReference; lastKnownFileType = sourcecode.c.h; path = AppDelegate.h; sourceTree = "<group>"; };
		00D324F817B8E22C008F530D /* AppDelegate.m */ = {isa = PBXFileReference; lastKnownFileType = sourcecode.c.objc; path = AppDelegate.m; sourceTree = "<group>"; };
		00D3250B17B8E3B5008F530D /* ContactViewController.h */ = {isa = PBXFileReference; fileEncoding = 4; lastKnownFileType = sourcecode.c.h; path = ContactViewController.h; sourceTree = "<group>"; };
		00D3250C17B8E3B5008F530D /* ContactViewController.m */ = {isa = PBXFileReference; fileEncoding = 4; lastKnownFileType = sourcecode.c.objc; path = ContactViewController.m; sourceTree = "<group>"; };
		00EE550917BFCD0E00D8C6A0 /* MapViewAnnotation.h */ = {isa = PBXFileReference; fileEncoding = 4; lastKnownFileType = sourcecode.c.h; path = MapViewAnnotation.h; sourceTree = "<group>"; };
		00EE550A17BFCD0E00D8C6A0 /* MapViewAnnotation.m */ = {isa = PBXFileReference; fileEncoding = 4; lastKnownFileType = sourcecode.c.objc; path = MapViewAnnotation.m; sourceTree = "<group>"; };
		00EE550C17BFCF9000D8C6A0 /* CoreLocation.framework */ = {isa = PBXFileReference; lastKnownFileType = wrapper.framework; name = CoreLocation.framework; path = System/Library/Frameworks/CoreLocation.framework; sourceTree = SDKROOT; };
		00EE550E17BFCFA300D8C6A0 /* MapKit.framework */ = {isa = PBXFileReference; lastKnownFileType = wrapper.framework; name = MapKit.framework; path = System/Library/Frameworks/MapKit.framework; sourceTree = SDKROOT; };
		00EE551017BFCFB200D8C6A0 /* QuartzCore.framework */ = {isa = PBXFileReference; lastKnownFileType = wrapper.framework; name = QuartzCore.framework; path = System/Library/Frameworks/QuartzCore.framework; sourceTree = SDKROOT; };
		00F060081903AE140063220E /* YMCA Basel Tests-Prefix.pch */ = {isa = PBXFileReference; fileEncoding = 4; lastKnownFileType = sourcecode.c.h; path = "YMCA Basel Tests-Prefix.pch"; sourceTree = "<group>"; };
/* End PBXFileReference section */

/* Begin PBXFrameworksBuildPhase section */
		0068AD7417F471B8003E59A2 /* Frameworks */ = {
			isa = PBXFrameworksBuildPhase;
			buildActionMask = 2147483647;
			files = (
				0068AD7917F471B8003E59A2 /* XCTest.framework in Frameworks */,
				0068AD7B17F471B8003E59A2 /* UIKit.framework in Frameworks */,
				0068AD7A17F471B8003E59A2 /* Foundation.framework in Frameworks */,
			);
			runOnlyForDeploymentPostprocessing = 0;
		};
		00D324E217B8E22C008F530D /* Frameworks */ = {
			isa = PBXFrameworksBuildPhase;
			buildActionMask = 2147483647;
			files = (
				005C59E218F40B90009FA6C6 /* iAd.framework in Frameworks */,
				00BD35DD189CB7EB00E90D44 /* StoreKit.framework in Frameworks */,
				000C58FB185237F600DDF848 /* SystemConfiguration.framework in Frameworks */,
				00EE551117BFCFB200D8C6A0 /* QuartzCore.framework in Frameworks */,
				00EE550F17BFCFA300D8C6A0 /* MapKit.framework in Frameworks */,
				00EE550D17BFCF9000D8C6A0 /* CoreLocation.framework in Frameworks */,
				00C55E5D17BAB1C400F268FD /* MessageUI.framework in Frameworks */,
				00D324E917B8E22C008F530D /* UIKit.framework in Frameworks */,
				00D324EB17B8E22C008F530D /* Foundation.framework in Frameworks */,
				00D324ED17B8E22C008F530D /* CoreGraphics.framework in Frameworks */,
			);
			runOnlyForDeploymentPostprocessing = 0;
		};
/* End PBXFrameworksBuildPhase section */

/* Begin PBXGroup section */
		001B5174182AB18E00FC7564 /* Impressum */ = {
			isa = PBXGroup;
			children = (
				0010388217E64ABA007365BA /* ImpressumVC.h */,
				0010388317E64ABA007365BA /* ImpressumVC.m */,
				003A229417CDD0FF00D898E0 /* AGBViewController.h */,
				003A229517CDD0FF00D898E0 /* AGBViewController.m */,
				003A229717CE274700D898E0 /* agbDetailVC.h */,
				003A229817CE274700D898E0 /* agbDetailVC.m */,
			);
			name = Impressum;
			sourceTree = "<group>";
		};
		001B5175182AB19800FC7564 /* Rooms */ = {
			isa = PBXGroup;
			children = (
				009D769D17BFD9C4000D5829 /* RoomsViewController.h */,
				009D769E17BFD9C4000D5829 /* RoomsViewController.m */,
				00C7D60A17C0D22400CC2F79 /* RoomsDetailVC.h */,
				00C7D60B17C0D22400CC2F79 /* RoomsDetailVC.m */,
			);
			name = Rooms;
			sourceTree = "<group>";
		};
		0033989817D2579B00541427 /* Localized Data */ = {
			isa = PBXGroup;
			children = (
				0047C58818338D0A00C56163 /* Localizable.strings */,
				00A5E55217F9C667006B2A17 /* Credits.rtf */,
				002A2CC917F46A8F009F72E1 /* agb.plist */,
				009D7ECB17C6B78400386689 /* room.plist */,
			);
			name = "Localized Data";
			sourceTree = "<group>";
		};
		005C59E318F41854009FA6C6 /* Reservation */ = {
			isa = PBXGroup;
			children = (
				00869AA4182E68FA00BC3ACC /* ReservationViewController.h */,
				00869AA5182E68FA00BC3ACC /* ReservationViewController.m */,
			);
			name = Reservation;
			sourceTree = "<group>";
		};
		0068AD7C17F471B8003E59A2 /* YMCA Basel Tests */ = {
			isa = PBXGroup;
			children = (
				0068AD8217F471B8003E59A2 /* YMCA_Basel_Tests.m */,
				0068AD7D17F471B8003E59A2 /* Supporting Files */,
			);
			path = "YMCA Basel Tests";
			sourceTree = "<group>";
		};
		0068AD7D17F471B8003E59A2 /* Supporting Files */ = {
			isa = PBXGroup;
			children = (
				00F060081903AE140063220E /* YMCA Basel Tests-Prefix.pch */,
				0068AD7E17F471B8003E59A2 /* YMCA Basel Tests-Info.plist */,
				0068AD7F17F471B8003E59A2 /* InfoPlist.strings */,
			);
			name = "Supporting Files";
			sourceTree = "<group>";
		};
		007AEEC717F44E74008DC436 /* Scripts */ = {
			isa = PBXGroup;
			children = (
				007AEECC17F44FA7008DC436 /* update_storyboard_strings.sh */,
			);
			name = Scripts;
			sourceTree = "<group>";
		};
		00869A9F182E67E300BC3ACC /* Model */ = {
			isa = PBXGroup;
			children = (
				00D134D018A0EB74006458E5 /* IAPHelper.h */,
				00D134D118A0EB74006458E5 /* IAPHelper.m */,
				00D134D318A0EC59006458E5 /* YMCAIAPHelper.h */,
				00D134D418A0EC59006458E5 /* YMCAIAPHelper.m */,
				000C58F71852370E00DDF848 /* Reachability.h */,
				000C58F81852370E00DDF848 /* Reachability.m */,
				00EE550917BFCD0E00D8C6A0 /* MapViewAnnotation.h */,
				00EE550A17BFCD0E00D8C6A0 /* MapViewAnnotation.m */,
			);
			name = Model;
			sourceTree = "<group>";
		};
		00869AA3182E68C800BC3ACC /* Contact */ = {
			isa = PBXGroup;
			children = (
				00D3250B17B8E3B5008F530D /* ContactViewController.h */,
				00D3250C17B8E3B5008F530D /* ContactViewController.m */,
				00869AA0182E68BF00BC3ACC /* DetailMapVC.h */,
				00869AA1182E68BF00BC3ACC /* DetailMapVC.m */,
			);
			name = Contact;
			sourceTree = "<group>";
		};
		00D324DC17B8E22C008F530D = {
			isa = PBXGroup;
			children = (
				00D324EE17B8E22C008F530D /* YMCA Basel */,
				0068AD7C17F471B8003E59A2 /* YMCA Basel Tests */,
				00D324E717B8E22C008F530D /* Frameworks */,
				00D324E617B8E22C008F530D /* Products */,
				007AEEC717F44E74008DC436 /* Scripts */,
			);
			sourceTree = "<group>";
		};
		00D324E617B8E22C008F530D /* Products */ = {
			isa = PBXGroup;
			children = (
				00D324E517B8E22C008F530D /* YMCA Basel.app */,
				0068AD7717F471B8003E59A2 /* YMCA Basel Tests.xctest */,
			);
			name = Products;
			sourceTree = "<group>";
		};
		00D324E717B8E22C008F530D /* Frameworks */ = {
			isa = PBXGroup;
			children = (
				003E4A62189E10F40038EFDC /* iAd.framework */,
				00BD35DC189CB7EB00E90D44 /* StoreKit.framework */,
				000C58FA185237F600DDF848 /* SystemConfiguration.framework */,
				00EE551017BFCFB200D8C6A0 /* QuartzCore.framework */,
				00EE550E17BFCFA300D8C6A0 /* MapKit.framework */,
				00EE550C17BFCF9000D8C6A0 /* CoreLocation.framework */,
				00C55E5C17BAB1C400F268FD /* MessageUI.framework */,
				00D324E817B8E22C008F530D /* UIKit.framework */,
				00D324EA17B8E22C008F530D /* Foundation.framework */,
				00D324EC17B8E22C008F530D /* CoreGraphics.framework */,
				0068AD7817F471B8003E59A2 /* XCTest.framework */,
			);
			name = Frameworks;
			sourceTree = "<group>";
		};
		00D324EE17B8E22C008F530D /* YMCA Basel */ = {
			isa = PBXGroup;
			children = (
				005BC37519EF197100CBC397 /* iPhone.storyboard */,
				0033989817D2579B00541427 /* Localized Data */,
				00869A9F182E67E300BC3ACC /* Model */,
				00869AA3182E68C800BC3ACC /* Contact */,
				001B5175182AB19800FC7564 /* Rooms */,
				001B5174182AB18E00FC7564 /* Impressum */,
				005C59E318F41854009FA6C6 /* Reservation */,
				00D324EF17B8E22C008F530D /* Supporting Files */,
			);
			name = "YMCA Basel";
			path = Hostel;
			sourceTree = "<group>";
		};
		00D324EF17B8E22C008F530D /* Supporting Files */ = {
			isa = PBXGroup;
			children = (
				00733A9917F025F9004D18A6 /* Settings.bundle */,
				008A129F17CCCA0800D774DA /* Images.xcassets */,
				00D324F717B8E22C008F530D /* AppDelegate.h */,
				00D324F817B8E22C008F530D /* AppDelegate.m */,
				00D324F017B8E22C008F530D /* YMCA Basel-Info.plist */,
				00D324F417B8E22C008F530D /* main.m */,
				00D324F617B8E22C008F530D /* YMCA Basel-Prefix.pch */,
			);
			name = "Supporting Files";
			sourceTree = "<group>";
		};
/* End PBXGroup section */

/* Begin PBXNativeTarget section */
		0068AD7617F471B8003E59A2 /* YMCA Basel Tests */ = {
			isa = PBXNativeTarget;
			buildConfigurationList = 0068AD8917F471B8003E59A2 /* Build configuration list for PBXNativeTarget "YMCA Basel Tests" */;
			buildPhases = (
				0068AD7317F471B8003E59A2 /* Sources */,
				0068AD7417F471B8003E59A2 /* Frameworks */,
				0068AD7517F471B8003E59A2 /* Resources */,
			);
			buildRules = (
			);
			dependencies = (
				0068AD8617F471B8003E59A2 /* PBXTargetDependency */,
			);
			name = "YMCA Basel Tests";
			productName = "YMCA Basel Tests";
			productReference = 0068AD7717F471B8003E59A2 /* YMCA Basel Tests.xctest */;
			productType = "com.apple.product-type.bundle.unit-test";
		};
		00D324E417B8E22C008F530D /* YMCA Basel */ = {
			isa = PBXNativeTarget;
			buildConfigurationList = 00D3250817B8E22C008F530D /* Build configuration list for PBXNativeTarget "YMCA Basel" */;
			buildPhases = (
				00D324E117B8E22C008F530D /* Sources */,
				00D324E217B8E22C008F530D /* Frameworks */,
				00D324E317B8E22C008F530D /* Resources */,
				00689CAC17ECF73C005696A9 /* ShellScript */,
			);
			buildRules = (
			);
			dependencies = (
			);
			name = "YMCA Basel";
			productName = Hostel;
			productReference = 00D324E517B8E22C008F530D /* YMCA Basel.app */;
			productType = "com.apple.product-type.application";
		};
/* End PBXNativeTarget section */

/* Begin PBXProject section */
		00D324DD17B8E22C008F530D /* Project object */ = {
			isa = PBXProject;
			attributes = {
				LastUpgradeCheck = 0510;
				ORGANIZATIONNAME = "YMCA Hostel Basel";
				TargetAttributes = {
					0068AD7617F471B8003E59A2 = {
						TestTargetID = 00D324E417B8E22C008F530D;
					};
					00D324E417B8E22C008F530D = {
						DevelopmentTeam = PK2TBNE2GD;
						SystemCapabilities = {
							com.apple.InAppPurchase = {
								enabled = 1;
							};
						};
					};
				};
			};
			buildConfigurationList = 00D324E017B8E22C008F530D /* Build configuration list for PBXProject "YMCA Basel" */;
			compatibilityVersion = "Xcode 3.2";
			developmentRegion = English;
			hasScannedForEncodings = 0;
			knownRegions = (
				en,
				Base,
				de,
				fr,
				es,
				ko,
			);
			mainGroup = 00D324DC17B8E22C008F530D;
			productRefGroup = 00D324E617B8E22C008F530D /* Products */;
			projectDirPath = "";
			projectRoot = "";
			targets = (
				00D324E417B8E22C008F530D /* YMCA Basel */,
				0068AD7617F471B8003E59A2 /* YMCA Basel Tests */,
			);
		};
/* End PBXProject section */

/* Begin PBXResourcesBuildPhase section */
		0068AD7517F471B8003E59A2 /* Resources */ = {
			isa = PBXResourcesBuildPhase;
			buildActionMask = 2147483647;
			files = (
				0068AD8117F471B8003E59A2 /* InfoPlist.strings in Resources */,
			);
			runOnlyForDeploymentPostprocessing = 0;
		};
		00D324E317B8E22C008F530D /* Resources */ = {
			isa = PBXResourcesBuildPhase;
			buildActionMask = 2147483647;
			files = (
				002A2CCB17F46A8F009F72E1 /* agb.plist in Resources */,
				00733A9A17F025F9004D18A6 /* Settings.bundle in Resources */,
				0047C58A18338D0A00C56163 /* Localizable.strings in Resources */,
				005BC37719EF197100CBC397 /* iPhone.storyboard in Resources */,
				009D7ECD17C6B78400386689 /* room.plist in Resources */,
				007AEECD17F44FA7008DC436 /* update_storyboard_strings.sh in Resources */,
				008A12A017CCCA0800D774DA /* Images.xcassets in Resources */,
				00A5E55017F9C667006B2A17 /* Credits.rtf in Resources */,
			);
			runOnlyForDeploymentPostprocessing = 0;
		};
/* End PBXResourcesBuildPhase section */

/* Begin PBXShellScriptBuildPhase section */
		00689CAC17ECF73C005696A9 /* ShellScript */ = {
			isa = PBXShellScriptBuildPhase;
			buildActionMask = 12;
			files = (
			);
			inputPaths = (
			);
			outputPaths = (
			);
			runOnlyForDeploymentPostprocessing = 0;
			shellPath = /bin/sh;
			shellScript = "# xcode-build-bump.sh\n# @desc Auto-increment the build number every time the project is run.\n# @usage\n# 1. Select: your Target in Xcode\n# 2. Select: Build Phases Tab\n# 3. Select: Add Build Phase -> Add Run Script\n# 4. Paste code below in to new \"Run Script\" section\n# 5. Drag the \"Run Script\" below \"Link Binaries With Libraries\"\n# 6. Insure that your starting build number is set to a whole integer and not a float (e.g. 1, not 1.0)\n\nbuildNumber=$(/usr/libexec/PlistBuddy -c \"Print CFBundleVersion\" \"${PROJECT_DIR}/${INFOPLIST_FILE}\")\nbuildNumber=$(($buildNumber + 1))\n/usr/libexec/PlistBuddy -c \"Set :CFBundleVersion $buildNumber\" \"${PROJECT_DIR}/${INFOPLIST_FILE}\"";
		};
/* End PBXShellScriptBuildPhase section */

/* Begin PBXSourcesBuildPhase section */
		0068AD7317F471B8003E59A2 /* Sources */ = {
			isa = PBXSourcesBuildPhase;
			buildActionMask = 2147483647;
			files = (
				0068AD8317F471B8003E59A2 /* YMCA_Basel_Tests.m in Sources */,
			);
			runOnlyForDeploymentPostprocessing = 0;
		};
		00D324E117B8E22C008F530D /* Sources */ = {
			isa = PBXSourcesBuildPhase;
			buildActionMask = 2147483647;
			files = (
				00D324F517B8E22C008F530D /* main.m in Sources */,
				00D134D218A0EB74006458E5 /* IAPHelper.m in Sources */,
				003A229617CDD0FF00D898E0 /* AGBViewController.m in Sources */,
				00869AA2182E68BF00BC3ACC /* DetailMapVC.m in Sources */,
				00D324F917B8E22C008F530D /* AppDelegate.m in Sources */,
				00869AA6182E68FA00BC3ACC /* ReservationViewController.m in Sources */,
				00C7D60C17C0D22400CC2F79 /* RoomsDetailVC.m in Sources */,
				0010388417E64ABA007365BA /* ImpressumVC.m in Sources */,
				00EE550B17BFCD0E00D8C6A0 /* MapViewAnnotation.m in Sources */,
				00D3250D17B8E3B5008F530D /* ContactViewController.m in Sources */,
				003A229917CE274700D898E0 /* agbDetailVC.m in Sources */,
				000C58F91852370E00DDF848 /* Reachability.m in Sources */,
				00D134D518A0EC59006458E5 /* YMCAIAPHelper.m in Sources */,
				009D769F17BFD9C4000D5829 /* RoomsViewController.m in Sources */,
			);
			runOnlyForDeploymentPostprocessing = 0;
		};
/* End PBXSourcesBuildPhase section */

/* Begin PBXTargetDependency section */
		0068AD8617F471B8003E59A2 /* PBXTargetDependency */ = {
			isa = PBXTargetDependency;
			target = 00D324E417B8E22C008F530D /* YMCA Basel */;
			targetProxy = 0068AD8517F471B8003E59A2 /* PBXContainerItemProxy */;
		};
/* End PBXTargetDependency section */

/* Begin PBXVariantGroup section */
		002A2CC917F46A8F009F72E1 /* agb.plist */ = {
			isa = PBXVariantGroup;
			children = (
				002A2CCA17F46A8F009F72E1 /* Base */,
				0064DB4918338AE10070907C /* de */,
				0064DB4A18338AE30070907C /* en */,
				00502C63183E1FAD0015647B /* fr */,
			);
			name = agb.plist;
			sourceTree = "<group>";
		};
		0047C58818338D0A00C56163 /* Localizable.strings */ = {
			isa = PBXVariantGroup;
			children = (
				0047C58918338D0A00C56163 /* de */,
				0047C58B18338D1300C56163 /* en */,
				0047C58C18338D1800C56163 /* Base */,
				00502C61183E1FAD0015647B /* fr */,
				005BC37F19EF1E7F00CBC397 /* es */,
				005BC38019EF1E7F00CBC397 /* ko */,
			);
			name = Localizable.strings;
			sourceTree = "<group>";
		};
		005BC37519EF197100CBC397 /* iPhone.storyboard */ = {
			isa = PBXVariantGroup;
			children = (
				005BC37619EF197100CBC397 /* Base */,
				005BC37819EF1A0E00CBC397 /* en */,
				005BC37919EF1A1000CBC397 /* de */,
				005BC37A19EF1A1200CBC397 /* fr */,
				005BC37C19EF1A1400CBC397 /* es */,
				005BC37E19EF1A1600CBC397 /* ko */,
			);
			name = iPhone.storyboard;
			sourceTree = "<group>";
		};
		0068AD7F17F471B8003E59A2 /* InfoPlist.strings */ = {
			isa = PBXVariantGroup;
			children = (
				005C599A18F3F849009FA6C6 /* Base */,
				005C599B18F3F852009FA6C6 /* de */,
				005C599C18F3F853009FA6C6 /* fr */,
				005C599D18F3F894009FA6C6 /* en */,
			);
			name = InfoPlist.strings;
			sourceTree = "<group>";
		};
		009D7ECB17C6B78400386689 /* room.plist */ = {
			isa = PBXVariantGroup;
			children = (
				009D7ECC17C6B78400386689 /* Base */,
				0051623D17FA075400FB751E /* de */,
				0051623E17FA075B00FB751E /* en */,
				00516DD81858C2700062EA0D /* fr */,
			);
			name = room.plist;
			path = ..;
			sourceTree = "<group>";
		};
		00A5E55217F9C667006B2A17 /* Credits.rtf */ = {
			isa = PBXVariantGroup;
			children = (
				00A5E55117F9C667006B2A17 /* Base */,
				00A5E55317F9C66A006B2A17 /* de */,
				00A5E55417F9C66A006B2A17 /* en */,
				00502C62183E1FAD0015647B /* fr */,
			);
			name = Credits.rtf;
			sourceTree = "<group>";
		};
/* End PBXVariantGroup section */

/* Begin XCBuildConfiguration section */
		0068AD8717F471B8003E59A2 /* Debug */ = {
			isa = XCBuildConfiguration;
			buildSettings = {
				BUNDLE_LOADER = "$(BUILT_PRODUCTS_DIR)/YMCA Basel.app/YMCA Basel";
				CLANG_ENABLE_MODULES = YES;
				CLANG_WARN_BOOL_CONVERSION = YES;
				CLANG_WARN_DIRECT_OBJC_ISA_USAGE = YES_ERROR;
				CLANG_WARN_OBJC_ROOT_CLASS = YES_ERROR;
				FRAMEWORK_SEARCH_PATHS = (
					"$(SDKROOT)/Developer/Library/Frameworks",
					"$(inherited)",
					"$(DEVELOPER_FRAMEWORKS_DIR)",
				);
				GCC_PRECOMPILE_PREFIX_HEADER = YES;
				GCC_PREFIX_HEADER = "YMCA Basel Tests/YMCA Basel Tests-Prefix.pch";
				GCC_PREPROCESSOR_DEFINITIONS = (
					"DEBUG=1",
					"$(inherited)",
				);
				GCC_WARN_64_TO_32_BIT_CONVERSION = YES;
				GCC_WARN_ABOUT_RETURN_TYPE = YES_ERROR;
				GCC_WARN_UNDECLARED_SELECTOR = YES;
				GCC_WARN_UNUSED_FUNCTION = YES;
				INFOPLIST_FILE = "YMCA Basel Tests/YMCA Basel Tests-Info.plist";
				IPHONEOS_DEPLOYMENT_TARGET = 7.0;
				PRODUCT_NAME = "YMCA Basel Tests";
				TEST_HOST = "$(BUNDLE_LOADER)";
				WRAPPER_EXTENSION = xctest;
			};
			name = Debug;
		};
		0068AD8817F471B8003E59A2 /* Release */ = {
			isa = XCBuildConfiguration;
			buildSettings = {
				BUNDLE_LOADER = "$(BUILT_PRODUCTS_DIR)/YMCA Basel.app/YMCA Basel";
				CLANG_ENABLE_MODULES = YES;
				CLANG_WARN_BOOL_CONVERSION = YES;
				CLANG_WARN_DIRECT_OBJC_ISA_USAGE = YES_ERROR;
				CLANG_WARN_OBJC_ROOT_CLASS = YES_ERROR;
				COPY_PHASE_STRIP = YES;
				ENABLE_NS_ASSERTIONS = NO;
				FRAMEWORK_SEARCH_PATHS = (
					"$(SDKROOT)/Developer/Library/Frameworks",
					"$(inherited)",
					"$(DEVELOPER_FRAMEWORKS_DIR)",
				);
				GCC_PRECOMPILE_PREFIX_HEADER = YES;
				GCC_PREFIX_HEADER = "YMCA Basel Tests/YMCA Basel Tests-Prefix.pch";
				GCC_WARN_64_TO_32_BIT_CONVERSION = YES;
				GCC_WARN_ABOUT_RETURN_TYPE = YES_ERROR;
				GCC_WARN_UNDECLARED_SELECTOR = YES;
				GCC_WARN_UNUSED_FUNCTION = YES;
				INFOPLIST_FILE = "YMCA Basel Tests/YMCA Basel Tests-Info.plist";
				IPHONEOS_DEPLOYMENT_TARGET = 7.0;
				PRODUCT_NAME = "YMCA Basel Tests";
				TEST_HOST = "$(BUNDLE_LOADER)";
				WRAPPER_EXTENSION = xctest;
			};
			name = Release;
		};
		00D3250617B8E22C008F530D /* Debug */ = {
			isa = XCBuildConfiguration;
			buildSettings = {
				ALWAYS_SEARCH_USER_PATHS = NO;
				CLANG_CXX_LANGUAGE_STANDARD = "gnu++0x";
				CLANG_CXX_LIBRARY = "libc++";
				CLANG_ENABLE_OBJC_ARC = YES;
				CLANG_WARN_CONSTANT_CONVERSION = YES;
				CLANG_WARN_EMPTY_BODY = YES;
				CLANG_WARN_ENUM_CONVERSION = YES;
				CLANG_WARN_INT_CONVERSION = YES;
				CLANG_WARN__DUPLICATE_METHOD_MATCH = YES;
				CODE_SIGN_IDENTITY = "iPhone Developer: Christian Seiler (XSATAT6H5X)";
				"CODE_SIGN_IDENTITY[sdk=iphoneos*]" = "iPhone Developer: Christian Seiler (XSATAT6H5X)";
				COPY_PHASE_STRIP = NO;
				GCC_C_LANGUAGE_STANDARD = gnu99;
				GCC_DYNAMIC_NO_PIC = NO;
				GCC_OPTIMIZATION_LEVEL = 0;
				GCC_PREPROCESSOR_DEFINITIONS = (
					"DEBUG=1",
					"$(inherited)",
				);
				GCC_SYMBOLS_PRIVATE_EXTERN = NO;
				GCC_WARN_ABOUT_RETURN_TYPE = YES;
				GCC_WARN_UNINITIALIZED_AUTOS = YES;
				GCC_WARN_UNUSED_VARIABLE = YES;
				IPHONEOS_DEPLOYMENT_TARGET = 7.0;
				ONLY_ACTIVE_ARCH = YES;
				PROVISIONING_PROFILE = "E6644C2E-4632-497F-8074-A5429F83E124";
				SDKROOT = iphoneos;
			};
			name = Debug;
		};
		00D3250717B8E22C008F530D /* Release */ = {
			isa = XCBuildConfiguration;
			buildSettings = {
				ALWAYS_SEARCH_USER_PATHS = NO;
				CLANG_CXX_LANGUAGE_STANDARD = "gnu++0x";
				CLANG_CXX_LIBRARY = "libc++";
				CLANG_ENABLE_OBJC_ARC = YES;
				CLANG_WARN_CONSTANT_CONVERSION = YES;
				CLANG_WARN_EMPTY_BODY = YES;
				CLANG_WARN_ENUM_CONVERSION = YES;
				CLANG_WARN_INT_CONVERSION = YES;
				CLANG_WARN__DUPLICATE_METHOD_MATCH = YES;
				CODE_SIGN_IDENTITY = "iPhone Developer: Christian Seiler (XSATAT6H5X)";
				"CODE_SIGN_IDENTITY[sdk=iphoneos*]" = "iPhone Developer: Christian Seiler (XSATAT6H5X)";
				COPY_PHASE_STRIP = NO;
				GCC_C_LANGUAGE_STANDARD = gnu99;
				GCC_WARN_ABOUT_RETURN_TYPE = YES;
				GCC_WARN_UNINITIALIZED_AUTOS = YES;
				GCC_WARN_UNUSED_VARIABLE = YES;
				IPHONEOS_DEPLOYMENT_TARGET = 7.0;
				ONLY_ACTIVE_ARCH = NO;
				OTHER_CFLAGS = "-DNS_BLOCK_ASSERTIONS=1";
				PROVISIONING_PROFILE = "E6644C2E-4632-497F-8074-A5429F83E124";
				SDKROOT = iphoneos;
				VALIDATE_PRODUCT = YES;
			};
			name = Release;
		};
		00D3250917B8E22C008F530D /* Debug */ = {
			isa = XCBuildConfiguration;
			buildSettings = {
				ASSETCATALOG_COMPILER_APPICON_NAME = AppIcon;
				ASSETCATALOG_COMPILER_LAUNCHIMAGE_NAME = LaunchImage;
				CODE_SIGN_IDENTITY = "iPhone Developer";
				"CODE_SIGN_IDENTITY[sdk=iphoneos*]" = "iPhone Developer";
				GCC_PRECOMPILE_PREFIX_HEADER = YES;
				GCC_PREFIX_HEADER = "Hostel/YMCA Basel-Prefix.pch";
				INFOPLIST_FILE = "Hostel/YMCA Basel-Info.plist";
				IPHONEOS_DEPLOYMENT_TARGET = 7.0;
				PRODUCT_NAME = "YMCA Basel";
				PROVISIONING_PROFILE = "";
				TARGETED_DEVICE_FAMILY = 1;
				WRAPPER_EXTENSION = app;
			};
			name = Debug;
		};
		00D3250A17B8E22C008F530D /* Release */ = {
			isa = XCBuildConfiguration;
			buildSettings = {
				ASSETCATALOG_COMPILER_APPICON_NAME = AppIcon;
				ASSETCATALOG_COMPILER_LAUNCHIMAGE_NAME = LaunchImage;
				CODE_SIGN_IDENTITY = "iPhone Developer";
				"CODE_SIGN_IDENTITY[sdk=iphoneos*]" = "iPhone Developer";
				GCC_PRECOMPILE_PREFIX_HEADER = YES;
				GCC_PREFIX_HEADER = "Hostel/YMCA Basel-Prefix.pch";
				INFOPLIST_FILE = "Hostel/YMCA Basel-Info.plist";
				IPHONEOS_DEPLOYMENT_TARGET = 7.0;
				PRODUCT_NAME = "YMCA Basel";
				PROVISIONING_PROFILE = "";
				TARGETED_DEVICE_FAMILY = 1;
				WRAPPER_EXTENSION = app;
			};
			name = Release;
		};
/* End XCBuildConfiguration section */

/* Begin XCConfigurationList section */
		0068AD8917F471B8003E59A2 /* Build configuration list for PBXNativeTarget "YMCA Basel Tests" */ = {
			isa = XCConfigurationList;
			buildConfigurations = (
				0068AD8717F471B8003E59A2 /* Debug */,
				0068AD8817F471B8003E59A2 /* Release */,
			);
			defaultConfigurationIsVisible = 0;
			defaultConfigurationName = Debug;
		};
		00D324E017B8E22C008F530D /* Build configuration list for PBXProject "YMCA Basel" */ = {
			isa = XCConfigurationList;
			buildConfigurations = (
				00D3250617B8E22C008F530D /* Debug */,
				00D3250717B8E22C008F530D /* Release */,
			);
			defaultConfigurationIsVisible = 0;
			defaultConfigurationName = Debug;
		};
		00D3250817B8E22C008F530D /* Build configuration list for PBXNativeTarget "YMCA Basel" */ = {
			isa = XCConfigurationList;
			buildConfigurations = (
				00D3250917B8E22C008F530D /* Debug */,
				00D3250A17B8E22C008F530D /* Release */,
			);
			defaultConfigurationIsVisible = 0;
			defaultConfigurationName = Debug;
		};
/* End XCConfigurationList section */
	};
	rootObject = 00D324DD17B8E22C008F530D /* Project object */;
}
